
Microsoft Visual Studio Solution File, Format Version 11.00
# Visual Studio 2010
Project("{FAE04EC0-301F-11D3-BF4B-00C04F79EFBC}") = "Assembly-CSharp", "Assembly-CSharp.csproj", "{AEEAD0C1-8F7B-7ADC-9F11-B5D0B92DBAAE}"
EndProject
Global
	GlobalSection(SolutionConfigurationPlatforms) = preSolution
		Debug|Any CPU = Debug|Any CPU
		Release|Any CPU = Release|Any CPU
	EndGlobalSection
	GlobalSection(ProjectConfigurationPlatforms) = postSolution
		{AEEAD0C1-8F7B-7ADC-9F11-B5D0B92DBAAE}.Debug|Any CPU.ActiveCfg = Debug|Any CPU
		{AEEAD0C1-8F7B-7ADC-9F11-B5D0B92DBAAE}.Debug|Any CPU.Build.0 = Debug|Any CPU
		{AEEAD0C1-8F7B-7ADC-9F11-B5D0B92DBAAE}.Release|Any CPU.ActiveCfg = Release|Any CPU
		{AEEAD0C1-8F7B-7ADC-9F11-B5D0B92DBAAE}.Release|Any CPU.Build.0 = Release|Any CPU
	EndGlobalSection
	GlobalSection(SolutionProperties) = preSolution
		HideSolutionNode = FALSE
	EndGlobalSection
	GlobalSection(MonoDevelopProperties) = preSolution
		StartupItem = Assembly-CSharp.csproj
	EndGlobalSection
EndGlobal
